// !$*UTF8*$!
{
	archiveVersion = 1;
	classes = {
	};
	objectVersion = 56;
	objects = {

/* Begin PBXBuildFile section */
		305523CC2C92864D003AF3C1 /* AppDelegate.swift in Sources */ = {isa = PBXBuildFile; fileRef = 305523CB2C92864D003AF3C1 /* AppDelegate.swift */; };
		305523CE2C92864D003AF3C1 /* SceneDelegate.swift in Sources */ = {isa = PBXBuildFile; fileRef = 305523CD2C92864D003AF3C1 /* SceneDelegate.swift */; };
		305523D32C92864D003AF3C1 /* Base in Resources */ = {isa = PBXBuildFile; fileRef = 305523D22C92864D003AF3C1 /* Base */; };
		305523D52C92864E003AF3C1 /* Assets.xcassets in Resources */ = {isa = PBXBuildFile; fileRef = 305523D42C92864E003AF3C1 /* Assets.xcassets */; };
		305523D82C92864E003AF3C1 /* Base in Resources */ = {isa = PBXBuildFile; fileRef = 305523D72C92864E003AF3C1 /* Base */; };
		305523E32C92864E003AF3C1 /* PrototypeTests.swift in Sources */ = {isa = PBXBuildFile; fileRef = 305523E22C92864E003AF3C1 /* PrototypeTests.swift */; };
		305523ED2C92864E003AF3C1 /* PrototypeUITests.swift in Sources */ = {isa = PBXBuildFile; fileRef = 305523EC2C92864E003AF3C1 /* PrototypeUITests.swift */; };
		305523EF2C92864E003AF3C1 /* PrototypeUITestsLaunchTests.swift in Sources */ = {isa = PBXBuildFile; fileRef = 305523EE2C92864E003AF3C1 /* PrototypeUITestsLaunchTests.swift */; };
		305523FC2C9290DD003AF3C1 /* FeedViewController.swift in Sources */ = {isa = PBXBuildFile; fileRef = 305523FB2C9290DD003AF3C1 /* FeedViewController.swift */; };
		305523FE2C929588003AF3C1 /* FeedImageViewModel+PrototypeData.swift in Sources */ = {isa = PBXBuildFile; fileRef = 305523FD2C929588003AF3C1 /* FeedImageViewModel+PrototypeData.swift */; };
		305524002C92964B003AF3C1 /* FeedImageCell.swift in Sources */ = {isa = PBXBuildFile; fileRef = 305523FF2C92964B003AF3C1 /* FeedImageCell.swift */; };
/* End PBXBuildFile section */

/* Begin PBXContainerItemProxy section */
		305523DF2C92864E003AF3C1 /* PBXContainerItemProxy */ = {
			isa = PBXContainerItemProxy;
			containerPortal = 305523C02C92864D003AF3C1 /* Project object */;
			proxyType = 1;
			remoteGlobalIDString = 305523C72C92864D003AF3C1;
			remoteInfo = Prototype;
		};
		305523E92C92864E003AF3C1 /* PBXContainerItemProxy */ = {
			isa = PBXContainerItemProxy;
			containerPortal = 305523C02C92864D003AF3C1 /* Project object */;
			proxyType = 1;
			remoteGlobalIDString = 305523C72C92864D003AF3C1;
			remoteInfo = Prototype;
		};
/* End PBXContainerItemProxy section */

/* Begin PBXFileReference section */
		305523C82C92864D003AF3C1 /* Prototype.app */ = {isa = PBXFileReference; explicitFileType = wrapper.application; includeInIndex = 0; path = Prototype.app; sourceTree = BUILT_PRODUCTS_DIR; };
		305523CB2C92864D003AF3C1 /* AppDelegate.swift */ = {isa = PBXFileReference; lastKnownFileType = sourcecode.swift; path = AppDelegate.swift; sourceTree = "<group>"; };
		305523CD2C92864D003AF3C1 /* SceneDelegate.swift */ = {isa = PBXFileReference; lastKnownFileType = sourcecode.swift; path = SceneDelegate.swift; sourceTree = "<group>"; };
		305523D22C92864D003AF3C1 /* Base */ = {isa = PBXFileReference; lastKnownFileType = file.storyboard; name = Base; path = Base.lproj/Main.storyboard; sourceTree = "<group>"; };
		305523D42C92864E003AF3C1 /* Assets.xcassets */ = {isa = PBXFileReference; lastKnownFileType = folder.assetcatalog; path = Assets.xcassets; sourceTree = "<group>"; };
		305523D72C92864E003AF3C1 /* Base */ = {isa = PBXFileReference; lastKnownFileType = file.storyboard; name = Base; path = Base.lproj/LaunchScreen.storyboard; sourceTree = "<group>"; };
		305523D92C92864E003AF3C1 /* Info.plist */ = {isa = PBXFileReference; lastKnownFileType = text.plist.xml; path = Info.plist; sourceTree = "<group>"; };
		305523DE2C92864E003AF3C1 /* PrototypeTests.xctest */ = {isa = PBXFileReference; explicitFileType = wrapper.cfbundle; includeInIndex = 0; path = PrototypeTests.xctest; sourceTree = BUILT_PRODUCTS_DIR; };
		305523E22C92864E003AF3C1 /* PrototypeTests.swift */ = {isa = PBXFileReference; lastKnownFileType = sourcecode.swift; path = PrototypeTests.swift; sourceTree = "<group>"; };
		305523E82C92864E003AF3C1 /* PrototypeUITests.xctest */ = {isa = PBXFileReference; explicitFileType = wrapper.cfbundle; includeInIndex = 0; path = PrototypeUITests.xctest; sourceTree = BUILT_PRODUCTS_DIR; };
		305523EC2C92864E003AF3C1 /* PrototypeUITests.swift */ = {isa = PBXFileReference; lastKnownFileType = sourcecode.swift; path = PrototypeUITests.swift; sourceTree = "<group>"; };
		305523EE2C92864E003AF3C1 /* PrototypeUITestsLaunchTests.swift */ = {isa = PBXFileReference; lastKnownFileType = sourcecode.swift; path = PrototypeUITestsLaunchTests.swift; sourceTree = "<group>"; };
		305523FB2C9290DD003AF3C1 /* FeedViewController.swift */ = {isa = PBXFileReference; lastKnownFileType = sourcecode.swift; path = FeedViewController.swift; sourceTree = "<group>"; };
		305523FD2C929588003AF3C1 /* FeedImageViewModel+PrototypeData.swift */ = {isa = PBXFileReference; lastKnownFileType = sourcecode.swift; path = "FeedImageViewModel+PrototypeData.swift"; sourceTree = "<group>"; };
		305523FF2C92964B003AF3C1 /* FeedImageCell.swift */ = {isa = PBXFileReference; lastKnownFileType = sourcecode.swift; path = FeedImageCell.swift; sourceTree = "<group>"; };
/* End PBXFileReference section */

/* Begin PBXFrameworksBuildPhase section */
		305523C52C92864D003AF3C1 /* Frameworks */ = {
			isa = PBXFrameworksBuildPhase;
			buildActionMask = 2147483647;
			files = (
			);
			runOnlyForDeploymentPostprocessing = 0;
		};
		305523DB2C92864E003AF3C1 /* Frameworks */ = {
			isa = PBXFrameworksBuildPhase;
			buildActionMask = 2147483647;
			files = (
			);
			runOnlyForDeploymentPostprocessing = 0;
		};
		305523E52C92864E003AF3C1 /* Frameworks */ = {
			isa = PBXFrameworksBuildPhase;
			buildActionMask = 2147483647;
			files = (
			);
			runOnlyForDeploymentPostprocessing = 0;
		};
/* End PBXFrameworksBuildPhase section */

/* Begin PBXGroup section */
		305523BF2C92864D003AF3C1 = {
			isa = PBXGroup;
			children = (
				305523CA2C92864D003AF3C1 /* Prototype */,
				305523E12C92864E003AF3C1 /* PrototypeTests */,
				305523EB2C92864E003AF3C1 /* PrototypeUITests */,
				305523C92C92864D003AF3C1 /* Products */,
			);
			sourceTree = "<group>";
		};
		305523C92C92864D003AF3C1 /* Products */ = {
			isa = PBXGroup;
			children = (
				305523C82C92864D003AF3C1 /* Prototype.app */,
				305523DE2C92864E003AF3C1 /* PrototypeTests.xctest */,
				305523E82C92864E003AF3C1 /* PrototypeUITests.xctest */,
			);
			name = Products;
			sourceTree = "<group>";
		};
		305523CA2C92864D003AF3C1 /* Prototype */ = {
			isa = PBXGroup;
			children = (
				305523CB2C92864D003AF3C1 /* AppDelegate.swift */,
				305523CD2C92864D003AF3C1 /* SceneDelegate.swift */,
				305523D12C92864D003AF3C1 /* Main.storyboard */,
				305523D42C92864E003AF3C1 /* Assets.xcassets */,
				305523D62C92864E003AF3C1 /* LaunchScreen.storyboard */,
				305523D92C92864E003AF3C1 /* Info.plist */,
				305523FB2C9290DD003AF3C1 /* FeedViewController.swift */,
				305523FD2C929588003AF3C1 /* FeedImageViewModel+PrototypeData.swift */,
				305523FF2C92964B003AF3C1 /* FeedImageCell.swift */,
			);
			path = Prototype;
			sourceTree = "<group>";
		};
		305523E12C92864E003AF3C1 /* PrototypeTests */ = {
			isa = PBXGroup;
			children = (
				305523E22C92864E003AF3C1 /* PrototypeTests.swift */,
			);
			path = PrototypeTests;
			sourceTree = "<group>";
		};
		305523EB2C92864E003AF3C1 /* PrototypeUITests */ = {
			isa = PBXGroup;
			children = (
				305523EC2C92864E003AF3C1 /* PrototypeUITests.swift */,
				305523EE2C92864E003AF3C1 /* PrototypeUITestsLaunchTests.swift */,
			);
			path = PrototypeUITests;
			sourceTree = "<group>";
		};
/* End PBXGroup section */

/* Begin PBXNativeTarget section */
		305523C72C92864D003AF3C1 /* Prototype */ = {
			isa = PBXNativeTarget;
			buildConfigurationList = 305523F22C92864E003AF3C1 /* Build configuration list for PBXNativeTarget "Prototype" */;
			buildPhases = (
				305523C42C92864D003AF3C1 /* Sources */,
				305523C52C92864D003AF3C1 /* Frameworks */,
				305523C62C92864D003AF3C1 /* Resources */,
			);
			buildRules = (
			);
			dependencies = (
			);
			name = Prototype;
			productName = Prototype;
			productReference = 305523C82C92864D003AF3C1 /* Prototype.app */;
			productType = "com.apple.product-type.application";
		};
		305523DD2C92864E003AF3C1 /* PrototypeTests */ = {
			isa = PBXNativeTarget;
			buildConfigurationList = 305523F52C92864E003AF3C1 /* Build configuration list for PBXNativeTarget "PrototypeTests" */;
			buildPhases = (
				305523DA2C92864E003AF3C1 /* Sources */,
				305523DB2C92864E003AF3C1 /* Frameworks */,
				305523DC2C92864E003AF3C1 /* Resources */,
			);
			buildRules = (
			);
			dependencies = (
				305523E02C92864E003AF3C1 /* PBXTargetDependency */,
			);
			name = PrototypeTests;
			productName = PrototypeTests;
			productReference = 305523DE2C92864E003AF3C1 /* PrototypeTests.xctest */;
			productType = "com.apple.product-type.bundle.unit-test";
		};
		305523E72C92864E003AF3C1 /* PrototypeUITests */ = {
			isa = PBXNativeTarget;
			buildConfigurationList = 305523F82C92864E003AF3C1 /* Build configuration list for PBXNativeTarget "PrototypeUITests" */;
			buildPhases = (
				305523E42C92864E003AF3C1 /* Sources */,
				305523E52C92864E003AF3C1 /* Frameworks */,
				305523E62C92864E003AF3C1 /* Resources */,
			);
			buildRules = (
			);
			dependencies = (
				305523EA2C92864E003AF3C1 /* PBXTargetDependency */,
			);
			name = PrototypeUITests;
			productName = PrototypeUITests;
			productReference = 305523E82C92864E003AF3C1 /* PrototypeUITests.xctest */;
			productType = "com.apple.product-type.bundle.ui-testing";
		};
/* End PBXNativeTarget section */

/* Begin PBXProject section */
		305523C02C92864D003AF3C1 /* Project object */ = {
			isa = PBXProject;
			attributes = {
				BuildIndependentTargetsInParallel = 1;
				LastSwiftUpdateCheck = 1540;
				LastUpgradeCheck = 1540;
				TargetAttributes = {
					305523C72C92864D003AF3C1 = {
						CreatedOnToolsVersion = 15.4;
					};
					305523DD2C92864E003AF3C1 = {
						CreatedOnToolsVersion = 15.4;
						TestTargetID = 305523C72C92864D003AF3C1;
					};
					305523E72C92864E003AF3C1 = {
						CreatedOnToolsVersion = 15.4;
						TestTargetID = 305523C72C92864D003AF3C1;
					};
				};
			};
			buildConfigurationList = 305523C32C92864D003AF3C1 /* Build configuration list for PBXProject "Prototype" */;
			compatibilityVersion = "Xcode 14.0";
			developmentRegion = en;
			hasScannedForEncodings = 0;
			knownRegions = (
				en,
				Base,
			);
			mainGroup = 305523BF2C92864D003AF3C1;
			productRefGroup = 305523C92C92864D003AF3C1 /* Products */;
			projectDirPath = "";
			projectRoot = "";
			targets = (
				305523C72C92864D003AF3C1 /* Prototype */,
				305523DD2C92864E003AF3C1 /* PrototypeTests */,
				305523E72C92864E003AF3C1 /* PrototypeUITests */,
			);
		};
/* End PBXProject section */

/* Begin PBXResourcesBuildPhase section */
		305523C62C92864D003AF3C1 /* Resources */ = {
			isa = PBXResourcesBuildPhase;
			buildActionMask = 2147483647;
			files = (
				305523D52C92864E003AF3C1 /* Assets.xcassets in Resources */,
				305523D82C92864E003AF3C1 /* Base in Resources */,
				305523D32C92864D003AF3C1 /* Base in Resources */,
			);
			runOnlyForDeploymentPostprocessing = 0;
		};
		305523DC2C92864E003AF3C1 /* Resources */ = {
			isa = PBXResourcesBuildPhase;
			buildActionMask = 2147483647;
			files = (
			);
			runOnlyForDeploymentPostprocessing = 0;
		};
		305523E62C92864E003AF3C1 /* Resources */ = {
			isa = PBXResourcesBuildPhase;
			buildActionMask = 2147483647;
			files = (
			);
			runOnlyForDeploymentPostprocessing = 0;
		};
/* End PBXResourcesBuildPhase section */

/* Begin PBXSourcesBuildPhase section */
		305523C42C92864D003AF3C1 /* Sources */ = {
			isa = PBXSourcesBuildPhase;
			buildActionMask = 2147483647;
			files = (
				305523CC2C92864D003AF3C1 /* AppDelegate.swift in Sources */,
				305523FC2C9290DD003AF3C1 /* FeedViewController.swift in Sources */,
				305523FE2C929588003AF3C1 /* FeedImageViewModel+PrototypeData.swift in Sources */,
				305523CE2C92864D003AF3C1 /* SceneDelegate.swift in Sources */,
				305524002C92964B003AF3C1 /* FeedImageCell.swift in Sources */,
			);
			runOnlyForDeploymentPostprocessing = 0;
		};
		305523DA2C92864E003AF3C1 /* Sources */ = {
			isa = PBXSourcesBuildPhase;
			buildActionMask = 2147483647;
			files = (
				305523E32C92864E003AF3C1 /* PrototypeTests.swift in Sources */,
			);
			runOnlyForDeploymentPostprocessing = 0;
		};
		305523E42C92864E003AF3C1 /* Sources */ = {
			isa = PBXSourcesBuildPhase;
			buildActionMask = 2147483647;
			files = (
				305523ED2C92864E003AF3C1 /* PrototypeUITests.swift in Sources */,
				305523EF2C92864E003AF3C1 /* PrototypeUITestsLaunchTests.swift in Sources */,
			);
			runOnlyForDeploymentPostprocessing = 0;
		};
/* End PBXSourcesBuildPhase section */

/* Begin PBXTargetDependency section */
		305523E02C92864E003AF3C1 /* PBXTargetDependency */ = {
			isa = PBXTargetDependency;
			target = 305523C72C92864D003AF3C1 /* Prototype */;
			targetProxy = 305523DF2C92864E003AF3C1 /* PBXContainerItemProxy */;
		};
		305523EA2C92864E003AF3C1 /* PBXTargetDependency */ = {
			isa = PBXTargetDependency;
			target = 305523C72C92864D003AF3C1 /* Prototype */;
			targetProxy = 305523E92C92864E003AF3C1 /* PBXContainerItemProxy */;
		};
/* End PBXTargetDependency section */

/* Begin PBXVariantGroup section */
		305523D12C92864D003AF3C1 /* Main.storyboard */ = {
			isa = PBXVariantGroup;
			children = (
				305523D22C92864D003AF3C1 /* Base */,
			);
			name = Main.storyboard;
			sourceTree = "<group>";
		};
		305523D62C92864E003AF3C1 /* LaunchScreen.storyboard */ = {
			isa = PBXVariantGroup;
			children = (
				305523D72C92864E003AF3C1 /* Base */,
			);
			name = LaunchScreen.storyboard;
			sourceTree = "<group>";
		};
/* End PBXVariantGroup section */

/* Begin XCBuildConfiguration section */
		305523F02C92864E003AF3C1 /* Debug */ = {
			isa = XCBuildConfiguration;
			buildSettings = {
				ALWAYS_SEARCH_USER_PATHS = NO;
				ASSETCATALOG_COMPILER_GENERATE_SWIFT_ASSET_SYMBOL_EXTENSIONS = YES;
				CLANG_ANALYZER_NONNULL = YES;
				CLANG_ANALYZER_NUMBER_OBJECT_CONVERSION = YES_AGGRESSIVE;
				CLANG_CXX_LANGUAGE_STANDARD = "gnu++20";
				CLANG_ENABLE_MODULES = YES;
				CLANG_ENABLE_OBJC_ARC = YES;
				CLANG_ENABLE_OBJC_WEAK = YES;
				CLANG_WARN_BLOCK_CAPTURE_AUTORELEASING = YES;
				CLANG_WARN_BOOL_CONVERSION = YES;
				CLANG_WARN_COMMA = YES;
				CLANG_WARN_CONSTANT_CONVERSION = YES;
				CLANG_WARN_DEPRECATED_OBJC_IMPLEMENTATIONS = YES;
				CLANG_WARN_DIRECT_OBJC_ISA_USAGE = YES_ERROR;
				CLANG_WARN_DOCUMENTATION_COMMENTS = YES;
				CLANG_WARN_EMPTY_BODY = YES;
				CLANG_WARN_ENUM_CONVERSION = YES;
				CLANG_WARN_INFINITE_RECURSION = YES;
				CLANG_WARN_INT_CONVERSION = YES;
				CLANG_WARN_NON_LITERAL_NULL_CONVERSION = YES;
				CLANG_WARN_OBJC_IMPLICIT_RETAIN_SELF = YES;
				CLANG_WARN_OBJC_LITERAL_CONVERSION = YES;
				CLANG_WARN_OBJC_ROOT_CLASS = YES_ERROR;
				CLANG_WARN_QUOTED_INCLUDE_IN_FRAMEWORK_HEADER = YES;
				CLANG_WARN_RANGE_LOOP_ANALYSIS = YES;
				CLANG_WARN_STRICT_PROTOTYPES = YES;
				CLANG_WARN_SUSPICIOUS_MOVE = YES;
				CLANG_WARN_UNGUARDED_AVAILABILITY = YES_AGGRESSIVE;
				CLANG_WARN_UNREACHABLE_CODE = YES;
				CLANG_WARN__DUPLICATE_METHOD_MATCH = YES;
				COPY_PHASE_STRIP = NO;
				DEBUG_INFORMATION_FORMAT = dwarf;
				ENABLE_STRICT_OBJC_MSGSEND = YES;
				ENABLE_TESTABILITY = YES;
				ENABLE_USER_SCRIPT_SANDBOXING = YES;
				GCC_C_LANGUAGE_STANDARD = gnu17;
				GCC_DYNAMIC_NO_PIC = NO;
				GCC_NO_COMMON_BLOCKS = YES;
				GCC_OPTIMIZATION_LEVEL = 0;
				GCC_PREPROCESSOR_DEFINITIONS = (
					"DEBUG=1",
					"$(inherited)",
				);
				GCC_WARN_64_TO_32_BIT_CONVERSION = YES;
				GCC_WARN_ABOUT_RETURN_TYPE = YES_ERROR;
				GCC_WARN_UNDECLARED_SELECTOR = YES;
				GCC_WARN_UNINITIALIZED_AUTOS = YES_AGGRESSIVE;
				GCC_WARN_UNUSED_FUNCTION = YES;
				GCC_WARN_UNUSED_VARIABLE = YES;
				IPHONEOS_DEPLOYMENT_TARGET = 17.5;
				LOCALIZATION_PREFERS_STRING_CATALOGS = YES;
				MTL_ENABLE_DEBUG_INFO = INCLUDE_SOURCE;
				MTL_FAST_MATH = YES;
				ONLY_ACTIVE_ARCH = YES;
				SDKROOT = iphoneos;
				SWIFT_ACTIVE_COMPILATION_CONDITIONS = "DEBUG $(inherited)";
				SWIFT_OPTIMIZATION_LEVEL = "-Onone";
			};
			name = Debug;
		};
		305523F12C92864E003AF3C1 /* Release */ = {
			isa = XCBuildConfiguration;
			buildSettings = {
				ALWAYS_SEARCH_USER_PATHS = NO;
				ASSETCATALOG_COMPILER_GENERATE_SWIFT_ASSET_SYMBOL_EXTENSIONS = YES;
				CLANG_ANALYZER_NONNULL = YES;
				CLANG_ANALYZER_NUMBER_OBJECT_CONVERSION = YES_AGGRESSIVE;
				CLANG_CXX_LANGUAGE_STANDARD = "gnu++20";
				CLANG_ENABLE_MODULES = YES;
				CLANG_ENABLE_OBJC_ARC = YES;
				CLANG_ENABLE_OBJC_WEAK = YES;
				CLANG_WARN_BLOCK_CAPTURE_AUTORELEASING = YES;
				CLANG_WARN_BOOL_CONVERSION = YES;
				CLANG_WARN_COMMA = YES;
				CLANG_WARN_CONSTANT_CONVERSION = YES;
				CLANG_WARN_DEPRECATED_OBJC_IMPLEMENTATIONS = YES;
				CLANG_WARN_DIRECT_OBJC_ISA_USAGE = YES_ERROR;
				CLANG_WARN_DOCUMENTATION_COMMENTS = YES;
				CLANG_WARN_EMPTY_BODY = YES;
				CLANG_WARN_ENUM_CONVERSION = YES;
				CLANG_WARN_INFINITE_RECURSION = YES;
				CLANG_WARN_INT_CONVERSION = YES;
				CLANG_WARN_NON_LITERAL_NULL_CONVERSION = YES;
				CLANG_WARN_OBJC_IMPLICIT_RETAIN_SELF = YES;
				CLANG_WARN_OBJC_LITERAL_CONVERSION = YES;
				CLANG_WARN_OBJC_ROOT_CLASS = YES_ERROR;
				CLANG_WARN_QUOTED_INCLUDE_IN_FRAMEWORK_HEADER = YES;
				CLANG_WARN_RANGE_LOOP_ANALYSIS = YES;
				CLANG_WARN_STRICT_PROTOTYPES = YES;
				CLANG_WARN_SUSPICIOUS_MOVE = YES;
				CLANG_WARN_UNGUARDED_AVAILABILITY = YES_AGGRESSIVE;
				CLANG_WARN_UNREACHABLE_CODE = YES;
				CLANG_WARN__DUPLICATE_METHOD_MATCH = YES;
				COPY_PHASE_STRIP = NO;
				DEBUG_INFORMATION_FORMAT = "dwarf-with-dsym";
				ENABLE_NS_ASSERTIONS = NO;
				ENABLE_STRICT_OBJC_MSGSEND = YES;
				ENABLE_USER_SCRIPT_SANDBOXING = YES;
				GCC_C_LANGUAGE_STANDARD = gnu17;
				GCC_NO_COMMON_BLOCKS = YES;
				GCC_WARN_64_TO_32_BIT_CONVERSION = YES;
				GCC_WARN_ABOUT_RETURN_TYPE = YES_ERROR;
				GCC_WARN_UNDECLARED_SELECTOR = YES;
				GCC_WARN_UNINITIALIZED_AUTOS = YES_AGGRESSIVE;
				GCC_WARN_UNUSED_FUNCTION = YES;
				GCC_WARN_UNUSED_VARIABLE = YES;
				IPHONEOS_DEPLOYMENT_TARGET = 17.5;
				LOCALIZATION_PREFERS_STRING_CATALOGS = YES;
				MTL_ENABLE_DEBUG_INFO = NO;
				MTL_FAST_MATH = YES;
				SDKROOT = iphoneos;
				SWIFT_COMPILATION_MODE = wholemodule;
				VALIDATE_PRODUCT = YES;
			};
			name = Release;
		};
		305523F32C92864E003AF3C1 /* Debug */ = {
			isa = XCBuildConfiguration;
			buildSettings = {
				ASSETCATALOG_COMPILER_APPICON_NAME = AppIcon;
				ASSETCATALOG_COMPILER_GLOBAL_ACCENT_COLOR_NAME = AccentColor;
				CODE_SIGN_STYLE = Automatic;
				CURRENT_PROJECT_VERSION = 1;
				DEVELOPMENT_TEAM = NNWZVWTFJB;
				GENERATE_INFOPLIST_FILE = YES;
				INFOPLIST_FILE = Prototype/Info.plist;
				INFOPLIST_KEY_UIApplicationSupportsIndirectInputEvents = YES;
				INFOPLIST_KEY_UILaunchStoryboardName = LaunchScreen;
				INFOPLIST_KEY_UIMainStoryboardFile = Main;
				INFOPLIST_KEY_UISupportedInterfaceOrientations = "UIInterfaceOrientationLandscapeLeft UIInterfaceOrientationLandscapeRight UIInterfaceOrientationPortrait";
				INFOPLIST_KEY_UISupportedInterfaceOrientations_iPad = UIInterfaceOrientationPortrait;
				LD_RUNPATH_SEARCH_PATHS = (
					"$(inherited)",
					"@executable_path/Frameworks",
				);
				MARKETING_VERSION = 1.0;
				PRODUCT_BUNDLE_IDENTIFIER = com.felixolivares.EssentialFeed.Prototype;
				PRODUCT_NAME = "$(TARGET_NAME)";
				SWIFT_EMIT_LOC_STRINGS = YES;
				SWIFT_VERSION = 5.0;
				TARGETED_DEVICE_FAMILY = "1,2";
			};
			name = Debug;
		};
		305523F42C92864E003AF3C1 /* Release */ = {
			isa = XCBuildConfiguration;
			buildSettings = {
				ASSETCATALOG_COMPILER_APPICON_NAME = AppIcon;
				ASSETCATALOG_COMPILER_GLOBAL_ACCENT_COLOR_NAME = AccentColor;
				CODE_SIGN_STYLE = Automatic;
				CURRENT_PROJECT_VERSION = 1;
				DEVELOPMENT_TEAM = NNWZVWTFJB;
				GENERATE_INFOPLIST_FILE = YES;
				INFOPLIST_FILE = Prototype/Info.plist;
				INFOPLIST_KEY_UIApplicationSupportsIndirectInputEvents = YES;
				INFOPLIST_KEY_UILaunchStoryboardName = LaunchScreen;
				INFOPLIST_KEY_UIMainStoryboardFile = Main;
				INFOPLIST_KEY_UISupportedInterfaceOrientations = "UIInterfaceOrientationLandscapeLeft UIInterfaceOrientationLandscapeRight UIInterfaceOrientationPortrait";
				INFOPLIST_KEY_UISupportedInterfaceOrientations_iPad = UIInterfaceOrientationPortrait;
				LD_RUNPATH_SEARCH_PATHS = (
					"$(inherited)",
					"@executable_path/Frameworks",
				);
				MARKETING_VERSION = 1.0;
				PRODUCT_BUNDLE_IDENTIFIER = com.felixolivares.EssentialFeed.Prototype;
				PRODUCT_NAME = "$(TARGET_NAME)";
				SWIFT_EMIT_LOC_STRINGS = YES;
				SWIFT_VERSION = 5.0;
				TARGETED_DEVICE_FAMILY = "1,2";
			};
			name = Release;
		};
		305523F62C92864E003AF3C1 /* Debug */ = {
			isa = XCBuildConfiguration;
			buildSettings = {
				ALWAYS_EMBED_SWIFT_STANDARD_LIBRARIES = YES;
				BUNDLE_LOADER = "$(TEST_HOST)";
				CODE_SIGN_STYLE = Automatic;
				CURRENT_PROJECT_VERSION = 1;
				DEVELOPMENT_TEAM = NNWZVWTFJB;
				GENERATE_INFOPLIST_FILE = YES;
				IPHONEOS_DEPLOYMENT_TARGET = 17.5;
				MARKETING_VERSION = 1.0;
				PRODUCT_BUNDLE_IDENTIFIER = com.felixolivares.PrototypeTests;
				PRODUCT_NAME = "$(TARGET_NAME)";
				SWIFT_EMIT_LOC_STRINGS = NO;
				SWIFT_VERSION = 5.0;
				TARGETED_DEVICE_FAMILY = "1,2";
				TEST_HOST = "$(BUILT_PRODUCTS_DIR)/Prototype.app/$(BUNDLE_EXECUTABLE_FOLDER_PATH)/Prototype";
			};
			name = Debug;
		};
		305523F72C92864E003AF3C1 /* Release */ = {
			isa = XCBuildConfiguration;
			buildSettings = {
				ALWAYS_EMBED_SWIFT_STANDARD_LIBRARIES = YES;
				BUNDLE_LOADER = "$(TEST_HOST)";
				CODE_SIGN_STYLE = Automatic;
				CURRENT_PROJECT_VERSION = 1;
				DEVELOPMENT_TEAM = NNWZVWTFJB;
				GENERATE_INFOPLIST_FILE = YES;
				IPHONEOS_DEPLOYMENT_TARGET = 17.5;
				MARKETING_VERSION = 1.0;
				PRODUCT_BUNDLE_IDENTIFIER = com.felixolivares.PrototypeTests;
				PRODUCT_NAME = "$(TARGET_NAME)";
				SWIFT_EMIT_LOC_STRINGS = NO;
				SWIFT_VERSION = 5.0;
				TARGETED_DEVICE_FAMILY = "1,2";
				TEST_HOST = "$(BUILT_PRODUCTS_DIR)/Prototype.app/$(BUNDLE_EXECUTABLE_FOLDER_PATH)/Prototype";
			};
			name = Release;
		};
		305523F92C92864E003AF3C1 /* Debug */ = {
			isa = XCBuildConfiguration;
			buildSettings = {
				ALWAYS_EMBED_SWIFT_STANDARD_LIBRARIES = YES;
				CODE_SIGN_STYLE = Automatic;
				CURRENT_PROJECT_VERSION = 1;
				DEVELOPMENT_TEAM = NNWZVWTFJB;
				GENERATE_INFOPLIST_FILE = YES;
				MARKETING_VERSION = 1.0;
				PRODUCT_BUNDLE_IDENTIFIER = com.felixolivares.PrototypeUITests;
				PRODUCT_NAME = "$(TARGET_NAME)";
				SWIFT_EMIT_LOC_STRINGS = NO;
				SWIFT_VERSION = 5.0;
				TARGETED_DEVICE_FAMILY = "1,2";
				TEST_TARGET_NAME = Prototype;
			};
			name = Debug;
		};
		305523FA2C92864E003AF3C1 /* Release */ = {
			isa = XCBuildConfiguration;
			buildSettings = {
				ALWAYS_EMBED_SWIFT_STANDARD_LIBRARIES = YES;
				CODE_SIGN_STYLE = Automatic;
				CURRENT_PROJECT_VERSION = 1;
				DEVELOPMENT_TEAM = NNWZVWTFJB;
				GENERATE_INFOPLIST_FILE = YES;
				MARKETING_VERSION = 1.0;
				PRODUCT_BUNDLE_IDENTIFIER = com.felixolivares.PrototypeUITests;
				PRODUCT_NAME = "$(TARGET_NAME)";
				SWIFT_EMIT_LOC_STRINGS = NO;
				SWIFT_VERSION = 5.0;
				TARGETED_DEVICE_FAMILY = "1,2";
				TEST_TARGET_NAME = Prototype;
			};
			name = Release;
		};
/* End XCBuildConfiguration section */

/* Begin XCConfigurationList section */
		305523C32C92864D003AF3C1 /* Build configuration list for PBXProject "Prototype" */ = {
			isa = XCConfigurationList;
			buildConfigurations = (
				305523F02C92864E003AF3C1 /* Debug */,
				305523F12C92864E003AF3C1 /* Release */,
			);
			defaultConfigurationIsVisible = 0;
			defaultConfigurationName = Release;
		};
		305523F22C92864E003AF3C1 /* Build configuration list for PBXNativeTarget "Prototype" */ = {
			isa = XCConfigurationList;
			buildConfigurations = (
				305523F32C92864E003AF3C1 /* Debug */,
				305523F42C92864E003AF3C1 /* Release */,
			);
			defaultConfigurationIsVisible = 0;
			defaultConfigurationName = Release;
		};
		305523F52C92864E003AF3C1 /* Build configuration list for PBXNativeTarget "PrototypeTests" */ = {
			isa = XCConfigurationList;
			buildConfigurations = (
				305523F62C92864E003AF3C1 /* Debug */,
				305523F72C92864E003AF3C1 /* Release */,
			);
			defaultConfigurationIsVisible = 0;
			defaultConfigurationName = Release;
		};
		305523F82C92864E003AF3C1 /* Build configuration list for PBXNativeTarget "PrototypeUITests" */ = {
			isa = XCConfigurationList;
			buildConfigurations = (
				305523F92C92864E003AF3C1 /* Debug */,
				305523FA2C92864E003AF3C1 /* Release */,
			);
			defaultConfigurationIsVisible = 0;
			defaultConfigurationName = Release;
		};
/* End XCConfigurationList section */
	};
	rootObject = 305523C02C92864D003AF3C1 /* Project object */;
}
